
Microsoft Visual Studio Solution File, Format Version 12.00
# Visual Studio Version 17
VisualStudioVersion = 17.13.35825.156 d17.13
MinimumVisualStudioVersion = 10.0.40219.1
Project("{FAE04EC0-301F-11D3-BF4B-00C04F79EFBC}") = "Akademi 3", "Akademi 3\Akademi 3.csproj", "{E5671E94-587F-44CD-9353-20AC0A1755B4}"
EndProject
Project("{FAE04EC0-301F-11D3-BF4B-00C04F79EFBC}") = "BankAcc", "BankAcc\BankAcc.csproj", "{04E945AF-1BED-4C45-8368-BB5C302F9D08}"
EndProject
Global
	GlobalSection(SolutionConfigurationPlatforms) = preSolution
		Debug|Any CPU = Debug|Any CPU
		Release|Any CPU = Release|Any CPU
	EndGlobalSection
	GlobalSection(ProjectConfigurationPlatforms) = postSolution
		{E5671E94-587F-44CD-9353-20AC0A1755B4}.Debug|Any CPU.ActiveCfg = Debug|Any CPU
		{E5671E94-587F-44CD-9353-20AC0A1755B4}.Debug|Any CPU.Build.0 = Debug|Any CPU
		{E5671E94-587F-44CD-9353-20AC0A1755B4}.Release|Any CPU.ActiveCfg = Release|Any CPU
		{E5671E94-587F-44CD-9353-20AC0A1755B4}.Release|Any CPU.Build.0 = Release|Any CPU
		{04E945AF-1BED-4C45-8368-BB5C302F9D08}.Debug|Any CPU.ActiveCfg = Debug|Any CPU
		{04E945AF-1BED-4C45-8368-BB5C302F9D08}.Debug|Any CPU.Build.0 = Debug|Any CPU
		{04E945AF-1BED-4C45-8368-BB5C302F9D08}.Release|Any CPU.ActiveCfg = Release|Any CPU
		{04E945AF-1BED-4C45-8368-BB5C302F9D08}.Release|Any CPU.Build.0 = Release|Any CPU
	EndGlobalSection
	GlobalSection(SolutionProperties) = preSolution
		HideSolutionNode = FALSE
	EndGlobalSection
	GlobalSection(ExtensibilityGlobals) = postSolution
		SolutionGuid = {B59A19F1-FE69-449C-977C-2F8F55481EDC}
	EndGlobalSection
EndGlobal
